
Microsoft Visual Studio Solution File, Format Version 12.00
# Visual Studio Version 17
VisualStudioVersion = 17.3.32804.467
MinimumVisualStudioVersion = 10.0.40219.1
Project("{2150E333-8FDC-42A3-9474-1A3956D46DE8}") = "Shared", "Shared", "{BF89C089-EAEF-4D28-A1E6-72330B8516AE}"
EndProject
Project("{9A19103F-16F7-4668-BE54-9A1E7A4F7556}") = "Factum.Shared.Abstractions", "src\Shared\Factum.Shared.Abstractions\Factum.Shared.Abstractions.csproj", "{E8D878A7-613F-4448-836D-796C864354C9}"
EndProject
Project("{9A19103F-16F7-4668-BE54-9A1E7A4F7556}") = "Factum.Shared.Infrastructure", "src\Shared\Factum.Shared.Infrastructure\Factum.Shared.Infrastructure.csproj", "{CAA3861A-54FE-4635-A780-B0AE36F812E0}"
EndProject
Project("{2150E333-8FDC-42A3-9474-1A3956D46DE8}") = "Bootstrapper", "Bootstrapper", "{0951E125-5020-45F2-BBBF-6C9AFB6609E9}"
EndProject
Project("{9A19103F-16F7-4668-BE54-9A1E7A4F7556}") = "Factum.Bootstrapper", "src\Bootstrapper\Factum.Bootstrapper\Factum.Bootstrapper.csproj", "{CB9DA881-677C-4B40-BAEF-F1ED17AB0EA5}"
EndProject
Project("{2150E333-8FDC-42A3-9474-1A3956D46DE8}") = "Modules", "Modules", "{2A45B56B-887D-424E-B692-F35A79A23047}"
EndProject
Project("{2150E333-8FDC-42A3-9474-1A3956D46DE8}") = "Documents", "Documents", "{32312D7A-290E-43B9-A5D2-E4AE9752AAA9}"
EndProject
Project("{9A19103F-16F7-4668-BE54-9A1E7A4F7556}") = "Factum.Modules.Documents.Api", "src\Modules\Documents\Factum.Modules.Documents.Api\Factum.Modules.Documents.Api.csproj", "{152AAA8D-2E64-4D0F-BFE1-617F86DDEC16}"
EndProject
Project("{9A19103F-16F7-4668-BE54-9A1E7A4F7556}") = "Factum.Modules.Documents.Core", "src\Modules\Documents\Factum.Modules.Documents.Core\Factum.Modules.Documents.Core.csproj", "{BBDE6F4B-B233-445F-9E38-6D1B0FC81A60}"
EndProject
Project("{9A19103F-16F7-4668-BE54-9A1E7A4F7556}") = "Factum.Modules.Documents.Infrastructure", "src\Modules\Documents\Factum.Modules.Documents.Infrastructure\Factum.Modules.Documents.Infrastructure.csproj", "{2DBBA7BC-2060-4FDA-8586-41EA885C28AC}"
EndProject
Project("{9A19103F-16F7-4668-BE54-9A1E7A4F7556}") = "Factum.Modules.Documents.Application", "src\Modules\Documents\Factum.Modules.Documents.Application\Factum.Modules.Documents.Application.csproj", "{EA7D75B8-E262-488C-9B65-05DAF1EE3871}"
EndProject
Project("{2150E333-8FDC-42A3-9474-1A3956D46DE8}") = "Ledger", "Ledger", "{20BAD240-68F5-4FEB-88C6-DE2839D3FF3E}"
EndProject
Project("{9A19103F-16F7-4668-BE54-9A1E7A4F7556}") = "Factum.Modules.Ledger.Api", "src\Modules\Ledger\Factum.Modules.Ledger.Api\Factum.Modules.Ledger.Api.csproj", "{B820CCE5-8254-46CF-AA7C-05517C4E0E61}"
EndProject
Project("{9A19103F-16F7-4668-BE54-9A1E7A4F7556}") = "Factum.Modules.Ledger.Core", "src\Modules\Ledger\Factum.Modules.Ledger.Core\Factum.Modules.Ledger.Core.csproj", "{A1B3C9C0-7602-40AE-85F7-9B560833E72D}"
EndProject
Project("{2150E333-8FDC-42A3-9474-1A3956D46DE8}") = "Saga", "Saga", "{41298FD3-3633-4DAE-B57A-0B229DEF540B}"
EndProject
Project("{9A19103F-16F7-4668-BE54-9A1E7A4F7556}") = "Factum.Modules.Saga.Api", "src\Modules\Saga\Factum.Modules.Saga.Api\Factum.Modules.Saga.Api.csproj", "{E3384A14-AD8B-474B-9EE2-FEB125F50CF8}"
EndProject
Project("{9A19103F-16F7-4668-BE54-9A1E7A4F7556}") = "Factum.Modules.Ledger.Application", "src\Modules\Ledger\Factum.Modules.Ledger.Application\Factum.Modules.Ledger.Application.csproj", "{FCD3979F-8A12-4BAB-A13A-0E624768DC14}"
EndProject
Project("{9A19103F-16F7-4668-BE54-9A1E7A4F7556}") = "Factum.Modules.Ledger.Infrastructure", "src\Modules\Ledger\Factum.Modules.Ledger.Infrastructure\Factum.Modules.Ledger.Infrastructure.csproj", "{C6F76D67-326F-451A-889D-C5612178478E}"
EndProject
Project("{2150E333-8FDC-42A3-9474-1A3956D46DE8}") = "Validation", "Validation", "{0C00FD48-578B-480C-A431-179B22CE47AB}"
EndProject
Project("{9A19103F-16F7-4668-BE54-9A1E7A4F7556}") = "Factum.Modules.Validation.Api", "src\Modules\Validation\Factum.Modules.Validation.Api\Factum.Modules.Validation.Api.csproj", "{06EDA0F8-E0AE-4434-88DE-68C2FD3030BC}"
EndProject
Project("{9A19103F-16F7-4668-BE54-9A1E7A4F7556}") = "Factum.Modules.Validation.Core", "src\Modules\Validation\Factum.Modules.Validation.Core\Factum.Modules.Validation.Core.csproj", "{16F6C67B-FABB-4CA7-ABDA-1A4B6D8DEE65}"
EndProject
Project("{9A19103F-16F7-4668-BE54-9A1E7A4F7556}") = "Factum.Modules.Saga.Infrastructure", "src\Modules\Saga\Factum.Modules.Saga.Infrastructure\Factum.Modules.Saga.Infrastructure.csproj", "{F912A24D-48DD-4AB1-8BC5-B689667E78FA}"
EndProject
Project("{9A19103F-16F7-4668-BE54-9A1E7A4F7556}") = "Factum.Modules.Saga.Core", "src\Modules\Saga\Factum.Modules.Saga.Core\Factum.Modules.Saga.Core.csproj", "{F451CC23-FF79-492A-8499-C654A5DBDAE8}"
EndProject
Project("{2150E333-8FDC-42A3-9474-1A3956D46DE8}") = "Tests", "Tests", "{D0BB17DD-2456-4314-BDCB-FF3AA77F2B11}"
EndProject
Project("{9A19103F-16F7-4668-BE54-9A1E7A4F7556}") = "Factum.Shared.Tests", "src\Shared\Factum.Shared.Tests\Factum.Shared.Tests.csproj", "{E4FF921B-8A7A-46C3-BF13-89F4B4EA3905}"
EndProject
Project("{2150E333-8FDC-42A3-9474-1A3956D46DE8}") = "Users", "Users", "{086CFA3F-4246-4928-ACBE-7D6795721F35}"
EndProject
Project("{FAE04EC0-301F-11D3-BF4B-00C04F79EFBC}") = "Factum.Modules.Users.Api", "src\Modules\Users\Factum.Modules.Users.Api\Factum.Modules.Users.Api.csproj", "{12F19D76-F4B6-499E-83D0-92271CB1B7B3}"
EndProject
Project("{FAE04EC0-301F-11D3-BF4B-00C04F79EFBC}") = "Factum.Modules.Users.Core", "src\Modules\Users\Factum.Modules.Users.Core\Factum.Modules.Users.Core.csproj", "{EC60DE7D-4C58-4C21-93CA-CACABC7F69DA}"
EndProject
Global
	GlobalSection(SolutionConfigurationPlatforms) = preSolution
		Debug|Any CPU = Debug|Any CPU
		Release|Any CPU = Release|Any CPU
	EndGlobalSection
	GlobalSection(ProjectConfigurationPlatforms) = postSolution
		{E8D878A7-613F-4448-836D-796C864354C9}.Debug|Any CPU.ActiveCfg = Debug|Any CPU
		{E8D878A7-613F-4448-836D-796C864354C9}.Debug|Any CPU.Build.0 = Debug|Any CPU
		{E8D878A7-613F-4448-836D-796C864354C9}.Release|Any CPU.ActiveCfg = Release|Any CPU
		{E8D878A7-613F-4448-836D-796C864354C9}.Release|Any CPU.Build.0 = Release|Any CPU
		{CAA3861A-54FE-4635-A780-B0AE36F812E0}.Debug|Any CPU.ActiveCfg = Debug|Any CPU
		{CAA3861A-54FE-4635-A780-B0AE36F812E0}.Debug|Any CPU.Build.0 = Debug|Any CPU
		{CAA3861A-54FE-4635-A780-B0AE36F812E0}.Release|Any CPU.ActiveCfg = Release|Any CPU
		{CAA3861A-54FE-4635-A780-B0AE36F812E0}.Release|Any CPU.Build.0 = Release|Any CPU
		{CB9DA881-677C-4B40-BAEF-F1ED17AB0EA5}.Debug|Any CPU.ActiveCfg = Debug|Any CPU
		{CB9DA881-677C-4B40-BAEF-F1ED17AB0EA5}.Debug|Any CPU.Build.0 = Debug|Any CPU
		{CB9DA881-677C-4B40-BAEF-F1ED17AB0EA5}.Release|Any CPU.ActiveCfg = Release|Any CPU
		{CB9DA881-677C-4B40-BAEF-F1ED17AB0EA5}.Release|Any CPU.Build.0 = Release|Any CPU
		{152AAA8D-2E64-4D0F-BFE1-617F86DDEC16}.Debug|Any CPU.ActiveCfg = Debug|Any CPU
		{152AAA8D-2E64-4D0F-BFE1-617F86DDEC16}.Debug|Any CPU.Build.0 = Debug|Any CPU
		{152AAA8D-2E64-4D0F-BFE1-617F86DDEC16}.Release|Any CPU.ActiveCfg = Release|Any CPU
		{152AAA8D-2E64-4D0F-BFE1-617F86DDEC16}.Release|Any CPU.Build.0 = Release|Any CPU
		{BBDE6F4B-B233-445F-9E38-6D1B0FC81A60}.Debug|Any CPU.ActiveCfg = Debug|Any CPU
		{BBDE6F4B-B233-445F-9E38-6D1B0FC81A60}.Debug|Any CPU.Build.0 = Debug|Any CPU
		{BBDE6F4B-B233-445F-9E38-6D1B0FC81A60}.Release|Any CPU.ActiveCfg = Release|Any CPU
		{BBDE6F4B-B233-445F-9E38-6D1B0FC81A60}.Release|Any CPU.Build.0 = Release|Any CPU
		{2DBBA7BC-2060-4FDA-8586-41EA885C28AC}.Debug|Any CPU.ActiveCfg = Debug|Any CPU
		{2DBBA7BC-2060-4FDA-8586-41EA885C28AC}.Debug|Any CPU.Build.0 = Debug|Any CPU
		{2DBBA7BC-2060-4FDA-8586-41EA885C28AC}.Release|Any CPU.ActiveCfg = Release|Any CPU
		{2DBBA7BC-2060-4FDA-8586-41EA885C28AC}.Release|Any CPU.Build.0 = Release|Any CPU
		{EA7D75B8-E262-488C-9B65-05DAF1EE3871}.Debug|Any CPU.ActiveCfg = Debug|Any CPU
		{EA7D75B8-E262-488C-9B65-05DAF1EE3871}.Debug|Any CPU.Build.0 = Debug|Any CPU
		{EA7D75B8-E262-488C-9B65-05DAF1EE3871}.Release|Any CPU.ActiveCfg = Release|Any CPU
		{EA7D75B8-E262-488C-9B65-05DAF1EE3871}.Release|Any CPU.Build.0 = Release|Any CPU
		{B820CCE5-8254-46CF-AA7C-05517C4E0E61}.Debug|Any CPU.ActiveCfg = Debug|Any CPU
		{B820CCE5-8254-46CF-AA7C-05517C4E0E61}.Debug|Any CPU.Build.0 = Debug|Any CPU
		{B820CCE5-8254-46CF-AA7C-05517C4E0E61}.Release|Any CPU.ActiveCfg = Release|Any CPU
		{B820CCE5-8254-46CF-AA7C-05517C4E0E61}.Release|Any CPU.Build.0 = Release|Any CPU
		{A1B3C9C0-7602-40AE-85F7-9B560833E72D}.Debug|Any CPU.ActiveCfg = Debug|Any CPU
		{A1B3C9C0-7602-40AE-85F7-9B560833E72D}.Debug|Any CPU.Build.0 = Debug|Any CPU
		{A1B3C9C0-7602-40AE-85F7-9B560833E72D}.Release|Any CPU.ActiveCfg = Release|Any CPU
		{A1B3C9C0-7602-40AE-85F7-9B560833E72D}.Release|Any CPU.Build.0 = Release|Any CPU
		{E3384A14-AD8B-474B-9EE2-FEB125F50CF8}.Debug|Any CPU.ActiveCfg = Debug|Any CPU
		{E3384A14-AD8B-474B-9EE2-FEB125F50CF8}.Debug|Any CPU.Build.0 = Debug|Any CPU
		{E3384A14-AD8B-474B-9EE2-FEB125F50CF8}.Release|Any CPU.ActiveCfg = Release|Any CPU
		{E3384A14-AD8B-474B-9EE2-FEB125F50CF8}.Release|Any CPU.Build.0 = Release|Any CPU
		{FCD3979F-8A12-4BAB-A13A-0E624768DC14}.Debug|Any CPU.ActiveCfg = Debug|Any CPU
		{FCD3979F-8A12-4BAB-A13A-0E624768DC14}.Debug|Any CPU.Build.0 = Debug|Any CPU
		{FCD3979F-8A12-4BAB-A13A-0E624768DC14}.Release|Any CPU.ActiveCfg = Release|Any CPU
		{FCD3979F-8A12-4BAB-A13A-0E624768DC14}.Release|Any CPU.Build.0 = Release|Any CPU
		{C6F76D67-326F-451A-889D-C5612178478E}.Debug|Any CPU.ActiveCfg = Debug|Any CPU
		{C6F76D67-326F-451A-889D-C5612178478E}.Debug|Any CPU.Build.0 = Debug|Any CPU
		{C6F76D67-326F-451A-889D-C5612178478E}.Release|Any CPU.ActiveCfg = Release|Any CPU
		{C6F76D67-326F-451A-889D-C5612178478E}.Release|Any CPU.Build.0 = Release|Any CPU
		{06EDA0F8-E0AE-4434-88DE-68C2FD3030BC}.Debug|Any CPU.ActiveCfg = Debug|Any CPU
		{06EDA0F8-E0AE-4434-88DE-68C2FD3030BC}.Debug|Any CPU.Build.0 = Debug|Any CPU
		{06EDA0F8-E0AE-4434-88DE-68C2FD3030BC}.Release|Any CPU.ActiveCfg = Release|Any CPU
		{06EDA0F8-E0AE-4434-88DE-68C2FD3030BC}.Release|Any CPU.Build.0 = Release|Any CPU
		{16F6C67B-FABB-4CA7-ABDA-1A4B6D8DEE65}.Debug|Any CPU.ActiveCfg = Debug|Any CPU
		{16F6C67B-FABB-4CA7-ABDA-1A4B6D8DEE65}.Debug|Any CPU.Build.0 = Debug|Any CPU
		{16F6C67B-FABB-4CA7-ABDA-1A4B6D8DEE65}.Release|Any CPU.ActiveCfg = Release|Any CPU
		{16F6C67B-FABB-4CA7-ABDA-1A4B6D8DEE65}.Release|Any CPU.Build.0 = Release|Any CPU
		{F912A24D-48DD-4AB1-8BC5-B689667E78FA}.Debug|Any CPU.ActiveCfg = Debug|Any CPU
		{F912A24D-48DD-4AB1-8BC5-B689667E78FA}.Debug|Any CPU.Build.0 = Debug|Any CPU
		{F912A24D-48DD-4AB1-8BC5-B689667E78FA}.Release|Any CPU.ActiveCfg = Release|Any CPU
		{F912A24D-48DD-4AB1-8BC5-B689667E78FA}.Release|Any CPU.Build.0 = Release|Any CPU
		{F451CC23-FF79-492A-8499-C654A5DBDAE8}.Debug|Any CPU.ActiveCfg = Debug|Any CPU
		{F451CC23-FF79-492A-8499-C654A5DBDAE8}.Debug|Any CPU.Build.0 = Debug|Any CPU
		{F451CC23-FF79-492A-8499-C654A5DBDAE8}.Release|Any CPU.ActiveCfg = Release|Any CPU
		{F451CC23-FF79-492A-8499-C654A5DBDAE8}.Release|Any CPU.Build.0 = Release|Any CPU
		{E4FF921B-8A7A-46C3-BF13-89F4B4EA3905}.Debug|Any CPU.ActiveCfg = Debug|Any CPU
		{E4FF921B-8A7A-46C3-BF13-89F4B4EA3905}.Debug|Any CPU.Build.0 = Debug|Any CPU
		{E4FF921B-8A7A-46C3-BF13-89F4B4EA3905}.Release|Any CPU.ActiveCfg = Release|Any CPU
		{E4FF921B-8A7A-46C3-BF13-89F4B4EA3905}.Release|Any CPU.Build.0 = Release|Any CPU
		{12F19D76-F4B6-499E-83D0-92271CB1B7B3}.Debug|Any CPU.ActiveCfg = Debug|Any CPU
		{12F19D76-F4B6-499E-83D0-92271CB1B7B3}.Debug|Any CPU.Build.0 = Debug|Any CPU
		{12F19D76-F4B6-499E-83D0-92271CB1B7B3}.Release|Any CPU.ActiveCfg = Release|Any CPU
		{12F19D76-F4B6-499E-83D0-92271CB1B7B3}.Release|Any CPU.Build.0 = Release|Any CPU
		{EC60DE7D-4C58-4C21-93CA-CACABC7F69DA}.Debug|Any CPU.ActiveCfg = Debug|Any CPU
		{EC60DE7D-4C58-4C21-93CA-CACABC7F69DA}.Debug|Any CPU.Build.0 = Debug|Any CPU
		{EC60DE7D-4C58-4C21-93CA-CACABC7F69DA}.Release|Any CPU.ActiveCfg = Release|Any CPU
		{EC60DE7D-4C58-4C21-93CA-CACABC7F69DA}.Release|Any CPU.Build.0 = Release|Any CPU
	EndGlobalSection
	GlobalSection(SolutionProperties) = preSolution
		HideSolutionNode = FALSE
	EndGlobalSection
	GlobalSection(NestedProjects) = preSolution
		{E8D878A7-613F-4448-836D-796C864354C9} = {BF89C089-EAEF-4D28-A1E6-72330B8516AE}
		{CAA3861A-54FE-4635-A780-B0AE36F812E0} = {BF89C089-EAEF-4D28-A1E6-72330B8516AE}
		{CB9DA881-677C-4B40-BAEF-F1ED17AB0EA5} = {0951E125-5020-45F2-BBBF-6C9AFB6609E9}
		{32312D7A-290E-43B9-A5D2-E4AE9752AAA9} = {2A45B56B-887D-424E-B692-F35A79A23047}
		{152AAA8D-2E64-4D0F-BFE1-617F86DDEC16} = {32312D7A-290E-43B9-A5D2-E4AE9752AAA9}
		{BBDE6F4B-B233-445F-9E38-6D1B0FC81A60} = {32312D7A-290E-43B9-A5D2-E4AE9752AAA9}
		{2DBBA7BC-2060-4FDA-8586-41EA885C28AC} = {32312D7A-290E-43B9-A5D2-E4AE9752AAA9}
		{EA7D75B8-E262-488C-9B65-05DAF1EE3871} = {32312D7A-290E-43B9-A5D2-E4AE9752AAA9}
		{20BAD240-68F5-4FEB-88C6-DE2839D3FF3E} = {2A45B56B-887D-424E-B692-F35A79A23047}
		{B820CCE5-8254-46CF-AA7C-05517C4E0E61} = {20BAD240-68F5-4FEB-88C6-DE2839D3FF3E}
		{A1B3C9C0-7602-40AE-85F7-9B560833E72D} = {20BAD240-68F5-4FEB-88C6-DE2839D3FF3E}
		{41298FD3-3633-4DAE-B57A-0B229DEF540B} = {2A45B56B-887D-424E-B692-F35A79A23047}
		{E3384A14-AD8B-474B-9EE2-FEB125F50CF8} = {41298FD3-3633-4DAE-B57A-0B229DEF540B}
		{FCD3979F-8A12-4BAB-A13A-0E624768DC14} = {20BAD240-68F5-4FEB-88C6-DE2839D3FF3E}
		{C6F76D67-326F-451A-889D-C5612178478E} = {20BAD240-68F5-4FEB-88C6-DE2839D3FF3E}
		{0C00FD48-578B-480C-A431-179B22CE47AB} = {2A45B56B-887D-424E-B692-F35A79A23047}
		{06EDA0F8-E0AE-4434-88DE-68C2FD3030BC} = {0C00FD48-578B-480C-A431-179B22CE47AB}
		{16F6C67B-FABB-4CA7-ABDA-1A4B6D8DEE65} = {0C00FD48-578B-480C-A431-179B22CE47AB}
		{F912A24D-48DD-4AB1-8BC5-B689667E78FA} = {41298FD3-3633-4DAE-B57A-0B229DEF540B}
		{F451CC23-FF79-492A-8499-C654A5DBDAE8} = {41298FD3-3633-4DAE-B57A-0B229DEF540B}
		{D0BB17DD-2456-4314-BDCB-FF3AA77F2B11} = {BF89C089-EAEF-4D28-A1E6-72330B8516AE}
		{E4FF921B-8A7A-46C3-BF13-89F4B4EA3905} = {D0BB17DD-2456-4314-BDCB-FF3AA77F2B11}
		{086CFA3F-4246-4928-ACBE-7D6795721F35} = {2A45B56B-887D-424E-B692-F35A79A23047}
		{12F19D76-F4B6-499E-83D0-92271CB1B7B3} = {086CFA3F-4246-4928-ACBE-7D6795721F35}
		{EC60DE7D-4C58-4C21-93CA-CACABC7F69DA} = {086CFA3F-4246-4928-ACBE-7D6795721F35}
	EndGlobalSection
	GlobalSection(ExtensibilityGlobals) = postSolution
		SolutionGuid = {35BABB60-AF50-42A9-8EAB-79B7A1142E81}
	EndGlobalSection
EndGlobal
